// !$*UTF8*$!
{
	archiveVersion = 1;
	classes = {
	};
	objectVersion = 46;
	objects = {

/* Begin PBXBuildFile section */
		31D659FC1C4C7E1C0027B0AE /* AppDelegate.swift in Sources */ = {isa = PBXBuildFile; fileRef = 31D659FB1C4C7E1C0027B0AE /* AppDelegate.swift */; };
		31D659FE1C4C7E1C0027B0AE /* ViewController.swift in Sources */ = {isa = PBXBuildFile; fileRef = 31D659FD1C4C7E1C0027B0AE /* ViewController.swift */; };
		31D65A011C4C7E1C0027B0AE /* Main.storyboard in Resources */ = {isa = PBXBuildFile; fileRef = 31D659FF1C4C7E1C0027B0AE /* Main.storyboard */; };
		31D65A031C4C7E1C0027B0AE /* Assets.xcassets in Resources */ = {isa = PBXBuildFile; fileRef = 31D65A021C4C7E1C0027B0AE /* Assets.xcassets */; };
		31D65A061C4C7E1C0027B0AE /* LaunchScreen.storyboard in Resources */ = {isa = PBXBuildFile; fileRef = 31D65A041C4C7E1C0027B0AE /* LaunchScreen.storyboard */; };
/* End PBXBuildFile section */

/* Begin PBXFileReference section */
		31D659F81C4C7E1C0027B0AE /* GuessNumber.app */ = {isa = PBXFileReference; explicitFileType = wrapper.application; includeInIndex = 0; path = GuessNumber.app; sourceTree = BUILT_PRODUCTS_DIR; };
		31D659FB1C4C7E1C0027B0AE /* AppDelegate.swift */ = {isa = PBXFileReference; lastKnownFileType = sourcecode.swift; path = AppDelegate.swift; sourceTree = "<group>"; };
		31D659FD1C4C7E1C0027B0AE /* ViewController.swift */ = {isa = PBXFileReference; lastKnownFileType = sourcecode.swift; path = ViewController.swift; sourceTree = "<group>"; };
		31D65A001C4C7E1C0027B0AE /* Base */ = {isa = PBXFileReference; lastKnownFileType = file.storyboard; name = Base; path = Base.lproj/Main.storyboard; sourceTree = "<group>"; };
		31D65A021C4C7E1C0027B0AE /* Assets.xcassets */ = {isa = PBXFileReference; lastKnownFileType = folder.assetcatalog; path = Assets.xcassets; sourceTree = "<group>"; };
		31D65A051C4C7E1C0027B0AE /* Base */ = {isa = PBXFileReference; lastKnownFileType = file.storyboard; name = Base; path = Base.lproj/LaunchScreen.storyboard; sourceTree = "<group>"; };
		31D65A071C4C7E1C0027B0AE /* Info.plist */ = {isa = PBXFileReference; lastKnownFileType = text.plist.xml; path = Info.plist; sourceTree = "<group>"; };
/* End PBXFileReference section */

/* Begin PBXFrameworksBuildPhase section */
		31D659F51C4C7E1C0027B0AE /* Frameworks */ = {
			isa = PBXFrameworksBuildPhase;
			buildActionMask = 2147483647;
			files = (
			);
			runOnlyForDeploymentPostprocessing = 0;
		};
/* End PBXFrameworksBuildPhase section */

/* Begin PBXGroup section */
		31D659EF1C4C7E1C0027B0AE = {
			isa = PBXGroup;
			children = (
				31D659FA1C4C7E1C0027B0AE /* GuessNumber */,
				31D659F91C4C7E1C0027B0AE /* Products */,
			);
			sourceTree = "<group>";
		};
		31D659F91C4C7E1C0027B0AE /* Products */ = {
			isa = PBXGroup;
			children = (
				31D659F81C4C7E1C0027B0AE /* GuessNumber.app */,
			);
			name = Products;
			sourceTree = "<group>";
		};
		31D659FA1C4C7E1C0027B0AE /* GuessNumber */ = {
			isa = PBXGroup;
			children = (
				31D659FB1C4C7E1C0027B0AE /* AppDelegate.swift */,
				31D659FD1C4C7E1C0027B0AE /* ViewController.swift */,
				31D659FF1C4C7E1C0027B0AE /* Main.storyboard */,
				31D65A021C4C7E1C0027B0AE /* Assets.xcassets */,
				31D65A041C4C7E1C0027B0AE /* LaunchScreen.storyboard */,
				31D65A071C4C7E1C0027B0AE /* Info.plist */,
			);
			path = GuessNumber;
			sourceTree = "<group>";
		};
/* End PBXGroup section */

/* Begin PBXNativeTarget section */
		31D659F71C4C7E1C0027B0AE /* GuessNumber */ = {
			isa = PBXNativeTarget;
			buildConfigurationList = 31D65A0A1C4C7E1C0027B0AE /* Build configuration list for PBXNativeTarget "GuessNumber" */;
			buildPhases = (
				31D659F41C4C7E1C0027B0AE /* Sources */,
				31D659F51C4C7E1C0027B0AE /* Frameworks */,
				31D659F61C4C7E1C0027B0AE /* Resources */,
			);
			buildRules = (
			);
			dependencies = (
			);
			name = GuessNumber;
			productName = GuessNumber;
			productReference = 31D659F81C4C7E1C0027B0AE /* GuessNumber.app */;
			productType = "com.apple.product-type.application";
		};
/* End PBXNativeTarget section */

/* Begin PBXProject section */
		31D659F01C4C7E1C0027B0AE /* Project object */ = {
			isa = PBXProject;
			attributes = {
				LastSwiftUpdateCheck = 0720;
				LastUpgradeCheck = 0720;
				ORGANIZATIONNAME = jikexueyuan;
				TargetAttributes = {
					31D659F71C4C7E1C0027B0AE = {
						CreatedOnToolsVersion = 7.2;
					};
				};
			};
			buildConfigurationList = 31D659F31C4C7E1C0027B0AE /* Build configuration list for PBXProject "GuessNumber" */;
			compatibilityVersion = "Xcode 3.2";
			developmentRegion = English;
			hasScannedForEncodings = 0;
			knownRegions = (
				en,
				Base,
			);
			mainGroup = 31D659EF1C4C7E1C0027B0AE;
			productRefGroup = 31D659F91C4C7E1C0027B0AE /* Products */;
			projectDirPath = "";
			projectRoot = "";
			targets = (
				31D659F71C4C7E1C0027B0AE /* GuessNumber */,
			);
		};
/* End PBXProject section */

/* Begin PBXResourcesBuildPhase section */
		31D659F61C4C7E1C0027B0AE /* Resources */ = {
			isa = PBXResourcesBuildPhase;
			buildActionMask = 2147483647;
			files = (
				31D65A061C4C7E1C0027B0AE /* LaunchScreen.storyboard in Resources */,
				31D65A031C4C7E1C0027B0AE /* Assets.xcassets in Resources */,
				31D65A011C4C7E1C0027B0AE /* Main.storyboard in Resources */,
			);
			runOnlyForDeploymentPostprocessing = 0;
		};
/* End PBXResourcesBuildPhase section */

/* Begin PBXSourcesBuildPhase section */
		31D659F41C4C7E1C0027B0AE /* Sources */ = {
			isa = PBXSourcesBuildPhase;
			buildActionMask = 2147483647;
			files = (
				31D659FE1C4C7E1C0027B0AE /* ViewController.swift in Sources */,
				31D659FC1C4C7E1C0027B0AE /* AppDelegate.swift in Sources */,
			);
			runOnlyForDeploymentPostprocessing = 0;
		};
/* End PBXSourcesBuildPhase section */

/* Begin PBXVariantGroup section */
		31D659FF1C4C7E1C0027B0AE /* Main.storyboard */ = {
			isa = PBXVariantGroup;
			children = (
				31D65A001C4C7E1C0027B0AE /* Base */,
			);
			name = Main.storyboard;
			sourceTree = "<group>";
		};
		31D65A041C4C7E1C0027B0AE /* LaunchScreen.storyboard */ = {
			isa = PBXVariantGroup;
			children = (
				31D65A051C4C7E1C0027B0AE /* Base */,
			);
			name = LaunchScreen.storyboard;
			sourceTree = "<group>";
		};
/* End PBXVariantGroup section */

/* Begin XCBuildConfiguration section */
		31D65A081C4C7E1C0027B0AE /* Debug */ = {
			isa = XCBuildConfiguration;
			buildSettings = {
				ALWAYS_SEARCH_USER_PATHS = NO;
				CLANG_CXX_LANGUAGE_STANDARD = "gnu++0x";
				CLANG_CXX_LIBRARY = "libc++";
				CLANG_ENABLE_MODULES = YES;
				CLANG_ENABLE_OBJC_ARC = YES;
				CLANG_WARN_BOOL_CONVERSION = YES;
				CLANG_WARN_CONSTANT_CONVERSION = YES;
				CLANG_WARN_DIRECT_OBJC_ISA_USAGE = YES_ERROR;
				CLANG_WARN_EMPTY_BODY = YES;
				CLANG_WARN_ENUM_CONVERSION = YES;
				CLANG_WARN_INT_CONVERSION = YES;
				CLANG_WARN_OBJC_ROOT_CLASS = YES_ERROR;
				CLANG_WARN_UNREACHABLE_CODE = YES;
				CLANG_WARN__DUPLICATE_METHOD_MATCH = YES;
				"CODE_SIGN_IDENTITY[sdk=iphoneos*]" = "iPhone Developer";
				COPY_PHASE_STRIP = NO;
				DEBUG_INFORMATION_FORMAT = dwarf;
				ENABLE_STRICT_OBJC_MSGSEND = YES;
				ENABLE_TESTABILITY = YES;
				GCC_C_LANGUAGE_STANDARD = gnu99;
				GCC_DYNAMIC_NO_PIC = NO;
				GCC_NO_COMMON_BLOCKS = YES;
				GCC_OPTIMIZATION_LEVEL = 0;
				GCC_PREPROCESSOR_DEFINITIONS = (
					"DEBUG=1",
					"$(inherited)",
				);
				GCC_WARN_64_TO_32_BIT_CONVERSION = YES;
				GCC_WARN_ABOUT_RETURN_TYPE = YES_ERROR;
				GCC_WARN_UNDECLARED_SELECTOR = YES;
				GCC_WARN_UNINITIALIZED_AUTOS = YES_AGGRESSIVE;
				GCC_WARN_UNUSED_FUNCTION = YES;
				GCC_WARN_UNUSED_VARIABLE = YES;
				IPHONEOS_DEPLOYMENT_TARGET = 9.2;
				MTL_ENABLE_DEBUG_INFO = YES;
				ONLY_ACTIVE_ARCH = YES;
				SDKROOT = iphoneos;
				SWIFT_OPTIMIZATION_LEVEL = "-Onone";
			};
			name = Debug;
		};
		31D65A091C4C7E1C0027B0AE /* Release */ = {
			isa = XCBuildConfiguration;
			buildSettings = {
				ALWAYS_SEARCH_USER_PATHS = NO;
				CLANG_CXX_LANGUAGE_STANDARD = "gnu++0x";
				CLANG_CXX_LIBRARY = "libc++";
				CLANG_ENABLE_MODULES = YES;
				CLANG_ENABLE_OBJC_ARC = YES;
				CLANG_WARN_BOOL_CONVERSION = YES;
				CLANG_WARN_CONSTANT_CONVERSION = YES;
				CLANG_WARN_DIRECT_OBJC_ISA_USAGE = YES_ERROR;
				CLANG_WARN_EMPTY_BODY = YES;
				CLANG_WARN_ENUM_CONVERSION = YES;
				CLANG_WARN_INT_CONVERSION = YES;
				CLANG_WARN_OBJC_ROOT_CLASS = YES_ERROR;
				CLANG_WARN_UNREACHABLE_CODE = YES;
				CLANG_WARN__DUPLICATE_METHOD_MATCH = YES;
				"CODE_SIGN_IDENTITY[sdk=iphoneos*]" = "iPhone Developer";
				COPY_PHASE_STRIP = NO;
				DEBUG_INFORMATION_FORMAT = "dwarf-with-dsym";
				ENABLE_NS_ASSERTIONS = NO;
				ENABLE_STRICT_OBJC_MSGSEND = YES;
				GCC_C_LANGUAGE_STANDARD = gnu99;
				GCC_NO_COMMON_BLOCKS = YES;
				GCC_WARN_64_TO_32_BIT_CONVERSION = YES;
				GCC_WARN_ABOUT_RETURN_TYPE = YES_ERROR;
				GCC_WARN_UNDECLARED_SELECTOR = YES;
				GCC_WARN_UNINITIALIZED_AUTOS = YES_AGGRESSIVE;
				GCC_WARN_UNUSED_FUNCTION = YES;
				GCC_WARN_UNUSED_VARIABLE = YES;
				IPHONEOS_DEPLOYMENT_TARGET = 9.2;
				MTL_ENABLE_DEBUG_INFO = NO;
				SDKROOT = iphoneos;
				VALIDATE_PRODUCT = YES;
			};
			name = Release;
		};
		31D65A0B1C4C7E1C0027B0AE /* Debug */ = {
			isa = XCBuildConfiguration;
			buildSettings = {
				ASSETCATALOG_COMPILER_APPICON_NAME = AppIcon;
				INFOPLIST_FILE = GuessNumber/Info.plist;
				LD_RUNPATH_SEARCH_PATHS = "$(inherited) @executable_path/Frameworks";
				PRODUCT_BUNDLE_IDENTIFIER = com.jikexueyuan.GuessNumber;
				PRODUCT_NAME = "$(TARGET_NAME)";
			};
			name = Debug;
		};
		31D65A0C1C4C7E1C0027B0AE /* Release */ = {
			isa = XCBuildConfiguration;
			buildSettings = {
				ASSETCATALOG_COMPILER_APPICON_NAME = AppIcon;
				INFOPLIST_FILE = GuessNumber/Info.plist;
				LD_RUNPATH_SEARCH_PATHS = "$(inherited) @executable_path/Frameworks";
				PRODUCT_BUNDLE_IDENTIFIER = com.jikexueyuan.GuessNumber;
				PRODUCT_NAME = "$(TARGET_NAME)";
			};
			name = Release;
		};
/* End XCBuildConfiguration section */

/* Begin XCConfigurationList section */
		31D659F31C4C7E1C0027B0AE /* Build configuration list for PBXProject "GuessNumber" */ = {
			isa = XCConfigurationList;
			buildConfigurations = (
				31D65A081C4C7E1C0027B0AE /* Debug */,
				31D65A091C4C7E1C0027B0AE /* Release */,
			);
			defaultConfigurationIsVisible = 0;
			defaultConfigurationName = Release;
		};
		31D65A0A1C4C7E1C0027B0AE /* Build configuration list for PBXNativeTarget "GuessNumber" */ = {
			isa = XCConfigurationList;
			buildConfigurations = (
				31D65A0B1C4C7E1C0027B0AE /* Debug */,
				31D65A0C1C4C7E1C0027B0AE /* Release */,
			);
			defaultConfigurationIsVisible = 0;
		};
/* End XCConfigurationList section */
	};
	rootObject = 31D659F01C4C7E1C0027B0AE /* Project object */;
}
